// !$*UTF8*$!
{
	archiveVersion = 1;
	classes = {
	};
	objectVersion = 56;
	objects = {

/* Begin PBXBuildFile section */
		2D818D142BD2B25E00F65F87 /* NetworkManager.framework in Frameworks */ = {isa = PBXBuildFile; fileRef = 7757B00F2BCD849E00C6F56A /* NetworkManager.framework */; };
		2D818D152BD2B25E00F65F87 /* NetworkManager.framework in Embed Frameworks */ = {isa = PBXBuildFile; fileRef = 7757B00F2BCD849E00C6F56A /* NetworkManager.framework */; settings = {ATTRIBUTES = (CodeSignOnCopy, RemoveHeadersOnCopy, ); }; };
		2D818D3F2BD6E83700F65F87 /* UIImage+Extension.swift in Sources */ = {isa = PBXBuildFile; fileRef = 2D818D3E2BD6E83700F65F87 /* UIImage+Extension.swift */; };
		2DBAAA8F2BD7AA6D00248525 /* ImagePicker.swift in Sources */ = {isa = PBXBuildFile; fileRef = 2DBAAA8E2BD7AA6D00248525 /* ImagePicker.swift */; };
		2DD0148F2BD92FCE00EB737D /* OnboardingShape.swift in Sources */ = {isa = PBXBuildFile; fileRef = 2DD0148E2BD92FCE00EB737D /* OnboardingShape.swift */; };
		3C1281512BCC2FC000DB8F49 /* DashMartApp.swift in Sources */ = {isa = PBXBuildFile; fileRef = 3C1281502BCC2FC000DB8F49 /* DashMartApp.swift */; };
		3C1281532BCC2FC000DB8F49 /* HomeScreen.swift in Sources */ = {isa = PBXBuildFile; fileRef = 3C1281522BCC2FC000DB8F49 /* HomeScreen.swift */; };
		3C1281552BCC2FC100DB8F49 /* Assets.xcassets in Resources */ = {isa = PBXBuildFile; fileRef = 3C1281542BCC2FC100DB8F49 /* Assets.xcassets */; };
		3C1281582BCC2FC100DB8F49 /* Preview Assets.xcassets in Resources */ = {isa = PBXBuildFile; fileRef = 3C1281572BCC2FC100DB8F49 /* Preview Assets.xcassets */; };
		7729E5F12BD472470036C1ED /* CategoryView.swift in Sources */ = {isa = PBXBuildFile; fileRef = 7729E5F02BD472470036C1ED /* CategoryView.swift */; };
		7729E5F32BD479EE0036C1ED /* SeparatorView.swift in Sources */ = {isa = PBXBuildFile; fileRef = 7729E5F22BD479EE0036C1ED /* SeparatorView.swift */; };
		7729E5F52BD48F540036C1ED /* ProductItem.swift in Sources */ = {isa = PBXBuildFile; fileRef = 7729E5F42BD48F540036C1ED /* ProductItem.swift */; };
		7729E5F72BD48F700036C1ED /* SearchTextField.swift in Sources */ = {isa = PBXBuildFile; fileRef = 7729E5F62BD48F700036C1ED /* SearchTextField.swift */; };
		7729E5F92BD48F820036C1ED /* CardButton.swift in Sources */ = {isa = PBXBuildFile; fileRef = 7729E5F82BD48F820036C1ED /* CardButton.swift */; };
		7757B0222BCD888700C6F56A /* Entities.swift in Sources */ = {isa = PBXBuildFile; fileRef = 7757B0212BCD888700C6F56A /* Entities.swift */; };
		7757B0252BCD891B00C6F56A /* ProductsRequest.swift in Sources */ = {isa = PBXBuildFile; fileRef = 7757B0242BCD891B00C6F56A /* ProductsRequest.swift */; };
		7757B0272BCD89B900C6F56A /* NetworkService.swift in Sources */ = {isa = PBXBuildFile; fileRef = 7757B0262BCD89B900C6F56A /* NetworkService.swift */; };
		7757B02C2BCD9E4F00C6F56A /* CategoriesRequest.swift in Sources */ = {isa = PBXBuildFile; fileRef = 7757B02B2BCD9E4F00C6F56A /* CategoriesRequest.swift */; };
		7758CDE12BCED3A80038E801 /* Color+hex.swift in Sources */ = {isa = PBXBuildFile; fileRef = 7758CDE02BCED3A80038E801 /* Color+hex.swift */; };
		7758CDE32BCEDD510038E801 /* RoundedButton.swift in Sources */ = {isa = PBXBuildFile; fileRef = 7758CDE22BCEDD510038E801 /* RoundedButton.swift */; };
		7758CDE62BCEDF970038E801 /* ContentView.swift in Sources */ = {isa = PBXBuildFile; fileRef = 7758CDE52BCEDF970038E801 /* ContentView.swift */; };
		775E85732BD56DF4005E2E32 /* CartScreen.swift in Sources */ = {isa = PBXBuildFile; fileRef = 775E85722BD56DF4005E2E32 /* CartScreen.swift */; };
		775E857C2BD5B2BC005E2E32 /* LocationService.swift in Sources */ = {isa = PBXBuildFile; fileRef = 775E857B2BD5B2BC005E2E32 /* LocationService.swift */; };
		775E85802BD5BB62005E2E32 /* CountrySelection.swift in Sources */ = {isa = PBXBuildFile; fileRef = 775E857F2BD5BB62005E2E32 /* CountrySelection.swift */; };
		775E85832BD5BFD1005E2E32 /* BottomSheet in Frameworks */ = {isa = PBXBuildFile; productRef = 775E85822BD5BFD1005E2E32 /* BottomSheet */; };
		776826612BCEFFAE0004F714 /* TabBar.swift in Sources */ = {isa = PBXBuildFile; fileRef = 7768265C2BCEFFAE0004F714 /* TabBar.swift */; };
		776826642BCF03B40004F714 /* GoogleService-Info.plist in Resources */ = {isa = PBXBuildFile; fileRef = 776826632BCF03B40004F714 /* GoogleService-Info.plist */; };
		7768267A2BCF27650004F714 /* Kingfisher in Frameworks */ = {isa = PBXBuildFile; productRef = 776826792BCF27650004F714 /* Kingfisher */; };
		7768267C2BCF37BF0004F714 /* WishlistScreen.swift in Sources */ = {isa = PBXBuildFile; fileRef = 7768267B2BCF37BF0004F714 /* WishlistScreen.swift */; };
		777532DF2BDB14DC004B2500 /* EditAccountView.swift in Sources */ = {isa = PBXBuildFile; fileRef = 777532DE2BDB14DC004B2500 /* EditAccountView.swift */; };
		778435292BD833CF00776D08 /* ManagerEditCategory.swift in Sources */ = {isa = PBXBuildFile; fileRef = 778435282BD833CF00776D08 /* ManagerEditCategory.swift */; };
		7784352D2BD8382000776D08 /* ManagerEditField.swift in Sources */ = {isa = PBXBuildFile; fileRef = 7784352C2BD8382000776D08 /* ManagerEditField.swift */; };
		77B5A1A92BD6FD3500E86836 /* ManagerScreen.swift in Sources */ = {isa = PBXBuildFile; fileRef = 77B5A1A82BD6FD3500E86836 /* ManagerScreen.swift */; };
		77B5A1AD2BD7010500E86836 /* CGFloat+Extension.swift in Sources */ = {isa = PBXBuildFile; fileRef = 77B5A1AC2BD7010500E86836 /* CGFloat+Extension.swift */; };
		77B5A1AF2BD7030E00E86836 /* ManagerEditScreen.swift in Sources */ = {isa = PBXBuildFile; fileRef = 77B5A1AE2BD7030E00E86836 /* ManagerEditScreen.swift */; };
		77B5A1B12BD7038D00E86836 /* ManagerEditProduct.swift in Sources */ = {isa = PBXBuildFile; fileRef = 77B5A1B02BD7038D00E86836 /* ManagerEditProduct.swift */; };
		77B5A1B32BD70C0A00E86836 /* DashScreen.swift in Sources */ = {isa = PBXBuildFile; fileRef = 77B5A1B22BD70C0A00E86836 /* DashScreen.swift */; };
		77B5A1B52BD71BAC00E86836 /* Modifiers.swift in Sources */ = {isa = PBXBuildFile; fileRef = 77B5A1B42BD71BAC00E86836 /* Modifiers.swift */; };
		77B87D8F2BD073D50003A468 /* AccountView.swift in Sources */ = {isa = PBXBuildFile; fileRef = 77B87D8E2BD073D50003A468 /* AccountView.swift */; };
		77B87D922BD0856E0003A468 /* TermsView.swift in Sources */ = {isa = PBXBuildFile; fileRef = 77B87D912BD0856E0003A468 /* TermsView.swift */; };
		77C25A262BD5C76800C55853 /* ManagerService.swift in Sources */ = {isa = PBXBuildFile; fileRef = 77C25A252BD5C76800C55853 /* ManagerService.swift */; };
		77F87E202BCECA6200506EB7 /* AuthorizeView.swift in Sources */ = {isa = PBXBuildFile; fileRef = 77F87E1D2BCECA6200506EB7 /* AuthorizeView.swift */; };
		77F87E212BCECA6200506EB7 /* AuthorizeReducer.swift in Sources */ = {isa = PBXBuildFile; fileRef = 77F87E1E2BCECA6200506EB7 /* AuthorizeReducer.swift */; };
		77F87E222BCECA6200506EB7 /* AuthorizeStore.swift in Sources */ = {isa = PBXBuildFile; fileRef = 77F87E1F2BCECA6200506EB7 /* AuthorizeStore.swift */; };
		77F87E312BCECADF00506EB7 /* FirebaseAuth in Frameworks */ = {isa = PBXBuildFile; productRef = 77F87E302BCECADF00506EB7 /* FirebaseAuth */; };
		77F87E372BCECADF00506EB7 /* FirebaseDatabase in Frameworks */ = {isa = PBXBuildFile; productRef = 77F87E362BCECADF00506EB7 /* FirebaseDatabase */; };
		77F87E392BCECADF00506EB7 /* FirebaseDatabaseSwift in Frameworks */ = {isa = PBXBuildFile; productRef = 77F87E382BCECADF00506EB7 /* FirebaseDatabaseSwift */; };
		77F87E3D2BCECADF00506EB7 /* FirebaseFirestore in Frameworks */ = {isa = PBXBuildFile; productRef = 77F87E3C2BCECADF00506EB7 /* FirebaseFirestore */; };
		77F87E3F2BCECADF00506EB7 /* FirebaseFirestoreCombine-Community in Frameworks */ = {isa = PBXBuildFile; productRef = 77F87E3E2BCECADF00506EB7 /* FirebaseFirestoreCombine-Community */; };
		77F87E412BCECADF00506EB7 /* FirebaseFirestoreSwift in Frameworks */ = {isa = PBXBuildFile; productRef = 77F87E402BCECADF00506EB7 /* FirebaseFirestoreSwift */; };
		77F87E572BCECADF00506EB7 /* FirebaseStorage in Frameworks */ = {isa = PBXBuildFile; productRef = 77F87E562BCECADF00506EB7 /* FirebaseStorage */; };
		77F87E5D2BCECC0000506EB7 /* AuthorizeService.swift in Sources */ = {isa = PBXBuildFile; fileRef = 77F87E5C2BCECC0000506EB7 /* AuthorizeService.swift */; };
		77F87E5F2BCECC6400506EB7 /* RouterService.swift in Sources */ = {isa = PBXBuildFile; fileRef = 77F87E5E2BCECC6400506EB7 /* RouterService.swift */; };
		77F87E612BCECC8100506EB7 /* StorageService.swift in Sources */ = {isa = PBXBuildFile; fileRef = 77F87E602BCECC8100506EB7 /* StorageService.swift */; };
		77F87E632BCECF0200506EB7 /* View+Extension.swift in Sources */ = {isa = PBXBuildFile; fileRef = 77F87E622BCECF0200506EB7 /* View+Extension.swift */; };
		CAE3954A2BD5A34D00AEA15A /* PlaymentMethod.swift in Sources */ = {isa = PBXBuildFile; fileRef = CAE395492BD5A34D00AEA15A /* PlaymentMethod.swift */; };
		CAF7DC122BCD5A5800BCE0DF /* OnboardingView.swift in Sources */ = {isa = PBXBuildFile; fileRef = CAF7DC112BCD5A5800BCE0DF /* OnboardingView.swift */; };
		CAF7DC142BCD5A6A00BCE0DF /* OnboardingPage.swift in Sources */ = {isa = PBXBuildFile; fileRef = CAF7DC132BCD5A6A00BCE0DF /* OnboardingPage.swift */; };
		CAF7DC162BCD5A7900BCE0DF /* PageIndicator.swift in Sources */ = {isa = PBXBuildFile; fileRef = CAF7DC152BCD5A7800BCE0DF /* PageIndicator.swift */; };
		CAF7DC182BCD5A8900BCE0DF /* OnboardingItem.swift in Sources */ = {isa = PBXBuildFile; fileRef = CAF7DC172BCD5A8900BCE0DF /* OnboardingItem.swift */; };
		F922DF632BDBA5D9004DFC76 /* FilterProductsVM.swift in Sources */ = {isa = PBXBuildFile; fileRef = F922DF622BDBA5D9004DFC76 /* FilterProductsVM.swift */; };
		F94506412BCE87F90017600B /* NavBarMenu.swift in Sources */ = {isa = PBXBuildFile; fileRef = F94506402BCE87F90017600B /* NavBarMenu.swift */; };
		F94506472BCE88760017600B /* TitleFilters.swift in Sources */ = {isa = PBXBuildFile; fileRef = F94506462BCE88760017600B /* TitleFilters.swift */; };
		F945064D2BCE88DD0017600B /* CustomButton.swift in Sources */ = {isa = PBXBuildFile; fileRef = F945064C2BCE88DC0017600B /* CustomButton.swift */; };
		F94506522BCE89430017600B /* SearchResultScreen.swift in Sources */ = {isa = PBXBuildFile; fileRef = F94506512BCE89430017600B /* SearchResultScreen.swift */; };
		F9ED78942BCFD382001EC482 /* DetailScreen.swift in Sources */ = {isa = PBXBuildFile; fileRef = F9ED78932BCFD382001EC482 /* DetailScreen.swift */; };
		F9ED78972BCFD595001EC482 /* TitleDetail.swift in Sources */ = {isa = PBXBuildFile; fileRef = F9ED78962BCFD595001EC482 /* TitleDetail.swift */; };
		F9ED78992BCFD976001EC482 /* ProductDetailView.swift in Sources */ = {isa = PBXBuildFile; fileRef = F9ED78982BCFD976001EC482 /* ProductDetailView.swift */; };
		F9ED78BB2BD53D4A001EC482 /* SearchHistoryList.swift in Sources */ = {isa = PBXBuildFile; fileRef = F9ED78BA2BD53D49001EC482 /* SearchHistoryList.swift */; };
/* End PBXBuildFile section */

/* Begin PBXContainerItemProxy section */
		7757B00E2BCD849E00C6F56A /* PBXContainerItemProxy */ = {
			isa = PBXContainerItemProxy;
			containerPortal = 7757B0092BCD849E00C6F56A /* NetworkManager.xcodeproj */;
			proxyType = 2;
			remoteGlobalIDString = 7757AFF12BCD849D00C6F56A;
			remoteInfo = NetworkManager;
		};
		7757B0102BCD849E00C6F56A /* PBXContainerItemProxy */ = {
			isa = PBXContainerItemProxy;
			containerPortal = 7757B0092BCD849E00C6F56A /* NetworkManager.xcodeproj */;
			proxyType = 2;
			remoteGlobalIDString = 7757AFF92BCD849E00C6F56A;
			remoteInfo = NetworkManagerTests;
		};
/* End PBXContainerItemProxy section */

/* Begin PBXCopyFilesBuildPhase section */
		2D818D162BD2B25F00F65F87 /* Embed Frameworks */ = {
			isa = PBXCopyFilesBuildPhase;
			buildActionMask = 2147483647;
			dstPath = "";
			dstSubfolderSpec = 10;
			files = (
				2D818D152BD2B25E00F65F87 /* NetworkManager.framework in Embed Frameworks */,
			);
			name = "Embed Frameworks";
			runOnlyForDeploymentPostprocessing = 0;
		};
/* End PBXCopyFilesBuildPhase section */

/* Begin PBXFileReference section */
		2D818D3E2BD6E83700F65F87 /* UIImage+Extension.swift */ = {isa = PBXFileReference; lastKnownFileType = sourcecode.swift; path = "UIImage+Extension.swift"; sourceTree = "<group>"; };
		2DBAAA8D2BD7030000248525 /* Info.plist */ = {isa = PBXFileReference; lastKnownFileType = text.plist; path = Info.plist; sourceTree = "<group>"; };
		2DBAAA8E2BD7AA6D00248525 /* ImagePicker.swift */ = {isa = PBXFileReference; lastKnownFileType = sourcecode.swift; path = ImagePicker.swift; sourceTree = "<group>"; };
		2DD0148E2BD92FCE00EB737D /* OnboardingShape.swift */ = {isa = PBXFileReference; fileEncoding = 4; lastKnownFileType = sourcecode.swift; path = OnboardingShape.swift; sourceTree = "<group>"; };
		3C12814D2BCC2FC000DB8F49 /* DashMart.app */ = {isa = PBXFileReference; explicitFileType = wrapper.application; includeInIndex = 0; path = DashMart.app; sourceTree = BUILT_PRODUCTS_DIR; };
		3C1281502BCC2FC000DB8F49 /* DashMartApp.swift */ = {isa = PBXFileReference; lastKnownFileType = sourcecode.swift; path = DashMartApp.swift; sourceTree = "<group>"; };
		3C1281522BCC2FC000DB8F49 /* HomeScreen.swift */ = {isa = PBXFileReference; lastKnownFileType = sourcecode.swift; path = HomeScreen.swift; sourceTree = "<group>"; };
		3C1281542BCC2FC100DB8F49 /* Assets.xcassets */ = {isa = PBXFileReference; lastKnownFileType = folder.assetcatalog; path = Assets.xcassets; sourceTree = "<group>"; };
		3C1281572BCC2FC100DB8F49 /* Preview Assets.xcassets */ = {isa = PBXFileReference; lastKnownFileType = folder.assetcatalog; path = "Preview Assets.xcassets"; sourceTree = "<group>"; };
		7729E5F02BD472470036C1ED /* CategoryView.swift */ = {isa = PBXFileReference; lastKnownFileType = sourcecode.swift; path = CategoryView.swift; sourceTree = "<group>"; };
		7729E5F22BD479EE0036C1ED /* SeparatorView.swift */ = {isa = PBXFileReference; lastKnownFileType = sourcecode.swift; path = SeparatorView.swift; sourceTree = "<group>"; };
		7729E5F42BD48F540036C1ED /* ProductItem.swift */ = {isa = PBXFileReference; lastKnownFileType = sourcecode.swift; path = ProductItem.swift; sourceTree = "<group>"; };
		7729E5F62BD48F700036C1ED /* SearchTextField.swift */ = {isa = PBXFileReference; lastKnownFileType = sourcecode.swift; path = SearchTextField.swift; sourceTree = "<group>"; };
		7729E5F82BD48F820036C1ED /* CardButton.swift */ = {isa = PBXFileReference; lastKnownFileType = sourcecode.swift; path = CardButton.swift; sourceTree = "<group>"; };
		7757B0092BCD849E00C6F56A /* NetworkManager.xcodeproj */ = {isa = PBXFileReference; lastKnownFileType = "wrapper.pb-project"; name = NetworkManager.xcodeproj; path = NetworkManager/NetworkManager.xcodeproj; sourceTree = "<group>"; };
		7757B0212BCD888700C6F56A /* Entities.swift */ = {isa = PBXFileReference; lastKnownFileType = sourcecode.swift; path = Entities.swift; sourceTree = "<group>"; };
		7757B0242BCD891B00C6F56A /* ProductsRequest.swift */ = {isa = PBXFileReference; lastKnownFileType = sourcecode.swift; path = ProductsRequest.swift; sourceTree = "<group>"; };
		7757B0262BCD89B900C6F56A /* NetworkService.swift */ = {isa = PBXFileReference; lastKnownFileType = sourcecode.swift; path = NetworkService.swift; sourceTree = "<group>"; };
		7757B02B2BCD9E4F00C6F56A /* CategoriesRequest.swift */ = {isa = PBXFileReference; lastKnownFileType = sourcecode.swift; path = CategoriesRequest.swift; sourceTree = "<group>"; };
		7758CDE02BCED3A80038E801 /* Color+hex.swift */ = {isa = PBXFileReference; fileEncoding = 4; lastKnownFileType = sourcecode.swift; path = "Color+hex.swift"; sourceTree = "<group>"; };
		7758CDE22BCEDD510038E801 /* RoundedButton.swift */ = {isa = PBXFileReference; lastKnownFileType = sourcecode.swift; path = RoundedButton.swift; sourceTree = "<group>"; };
		7758CDE52BCEDF970038E801 /* ContentView.swift */ = {isa = PBXFileReference; lastKnownFileType = sourcecode.swift; path = ContentView.swift; sourceTree = "<group>"; };
		775E85722BD56DF4005E2E32 /* CartScreen.swift */ = {isa = PBXFileReference; lastKnownFileType = sourcecode.swift; path = CartScreen.swift; sourceTree = "<group>"; };
		775E857B2BD5B2BC005E2E32 /* LocationService.swift */ = {isa = PBXFileReference; lastKnownFileType = sourcecode.swift; path = LocationService.swift; sourceTree = "<group>"; };
		775E857F2BD5BB62005E2E32 /* CountrySelection.swift */ = {isa = PBXFileReference; lastKnownFileType = sourcecode.swift; path = CountrySelection.swift; sourceTree = "<group>"; };
		7768265C2BCEFFAE0004F714 /* TabBar.swift */ = {isa = PBXFileReference; fileEncoding = 4; lastKnownFileType = sourcecode.swift; path = TabBar.swift; sourceTree = "<group>"; };
		776826632BCF03B40004F714 /* GoogleService-Info.plist */ = {isa = PBXFileReference; lastKnownFileType = text.plist; name = "GoogleService-Info.plist"; path = "DashMart/GoogleService-Info.plist"; sourceTree = SOURCE_ROOT; };
		7768267B2BCF37BF0004F714 /* WishlistScreen.swift */ = {isa = PBXFileReference; lastKnownFileType = sourcecode.swift; path = WishlistScreen.swift; sourceTree = "<group>"; };
		777532DE2BDB14DC004B2500 /* EditAccountView.swift */ = {isa = PBXFileReference; lastKnownFileType = sourcecode.swift; path = EditAccountView.swift; sourceTree = "<group>"; };
		778435282BD833CF00776D08 /* ManagerEditCategory.swift */ = {isa = PBXFileReference; lastKnownFileType = sourcecode.swift; path = ManagerEditCategory.swift; sourceTree = "<group>"; };
		7784352C2BD8382000776D08 /* ManagerEditField.swift */ = {isa = PBXFileReference; lastKnownFileType = sourcecode.swift; path = ManagerEditField.swift; sourceTree = "<group>"; };
		77B5A1A82BD6FD3500E86836 /* ManagerScreen.swift */ = {isa = PBXFileReference; lastKnownFileType = sourcecode.swift; path = ManagerScreen.swift; sourceTree = "<group>"; };
		77B5A1AC2BD7010500E86836 /* CGFloat+Extension.swift */ = {isa = PBXFileReference; lastKnownFileType = sourcecode.swift; path = "CGFloat+Extension.swift"; sourceTree = "<group>"; };
		77B5A1AE2BD7030E00E86836 /* ManagerEditScreen.swift */ = {isa = PBXFileReference; lastKnownFileType = sourcecode.swift; path = ManagerEditScreen.swift; sourceTree = "<group>"; };
		77B5A1B02BD7038D00E86836 /* ManagerEditProduct.swift */ = {isa = PBXFileReference; lastKnownFileType = sourcecode.swift; path = ManagerEditProduct.swift; sourceTree = "<group>"; };
		77B5A1B22BD70C0A00E86836 /* DashScreen.swift */ = {isa = PBXFileReference; lastKnownFileType = sourcecode.swift; path = DashScreen.swift; sourceTree = "<group>"; };
		77B5A1B42BD71BAC00E86836 /* Modifiers.swift */ = {isa = PBXFileReference; lastKnownFileType = sourcecode.swift; path = Modifiers.swift; sourceTree = "<group>"; };
		77B87D8E2BD073D50003A468 /* AccountView.swift */ = {isa = PBXFileReference; lastKnownFileType = sourcecode.swift; path = AccountView.swift; sourceTree = "<group>"; };
		77B87D912BD0856E0003A468 /* TermsView.swift */ = {isa = PBXFileReference; lastKnownFileType = sourcecode.swift; path = TermsView.swift; sourceTree = "<group>"; };
		77C25A252BD5C76800C55853 /* ManagerService.swift */ = {isa = PBXFileReference; lastKnownFileType = sourcecode.swift; path = ManagerService.swift; sourceTree = "<group>"; };
		77F87E1D2BCECA6200506EB7 /* AuthorizeView.swift */ = {isa = PBXFileReference; fileEncoding = 4; lastKnownFileType = sourcecode.swift; path = AuthorizeView.swift; sourceTree = "<group>"; };
		77F87E1E2BCECA6200506EB7 /* AuthorizeReducer.swift */ = {isa = PBXFileReference; fileEncoding = 4; lastKnownFileType = sourcecode.swift; path = AuthorizeReducer.swift; sourceTree = "<group>"; };
		77F87E1F2BCECA6200506EB7 /* AuthorizeStore.swift */ = {isa = PBXFileReference; fileEncoding = 4; lastKnownFileType = sourcecode.swift; path = AuthorizeStore.swift; sourceTree = "<group>"; };
		77F87E5C2BCECC0000506EB7 /* AuthorizeService.swift */ = {isa = PBXFileReference; fileEncoding = 4; lastKnownFileType = sourcecode.swift; path = AuthorizeService.swift; sourceTree = "<group>"; };
		77F87E5E2BCECC6400506EB7 /* RouterService.swift */ = {isa = PBXFileReference; fileEncoding = 4; lastKnownFileType = sourcecode.swift; path = RouterService.swift; sourceTree = "<group>"; };
		77F87E602BCECC8100506EB7 /* StorageService.swift */ = {isa = PBXFileReference; fileEncoding = 4; lastKnownFileType = sourcecode.swift; path = StorageService.swift; sourceTree = "<group>"; };
		77F87E622BCECF0200506EB7 /* View+Extension.swift */ = {isa = PBXFileReference; lastKnownFileType = sourcecode.swift; path = "View+Extension.swift"; sourceTree = "<group>"; };
		CAE395492BD5A34D00AEA15A /* PlaymentMethod.swift */ = {isa = PBXFileReference; fileEncoding = 4; lastKnownFileType = sourcecode.swift; path = PlaymentMethod.swift; sourceTree = "<group>"; };
		CAF7DC112BCD5A5800BCE0DF /* OnboardingView.swift */ = {isa = PBXFileReference; fileEncoding = 4; lastKnownFileType = sourcecode.swift; path = OnboardingView.swift; sourceTree = "<group>"; };
		CAF7DC132BCD5A6A00BCE0DF /* OnboardingPage.swift */ = {isa = PBXFileReference; fileEncoding = 4; lastKnownFileType = sourcecode.swift; path = OnboardingPage.swift; sourceTree = "<group>"; };
		CAF7DC152BCD5A7800BCE0DF /* PageIndicator.swift */ = {isa = PBXFileReference; fileEncoding = 4; lastKnownFileType = sourcecode.swift; path = PageIndicator.swift; sourceTree = "<group>"; };
		CAF7DC172BCD5A8900BCE0DF /* OnboardingItem.swift */ = {isa = PBXFileReference; fileEncoding = 4; lastKnownFileType = sourcecode.swift; path = OnboardingItem.swift; sourceTree = "<group>"; };
		F922DF622BDBA5D9004DFC76 /* FilterProductsVM.swift */ = {isa = PBXFileReference; lastKnownFileType = sourcecode.swift; path = FilterProductsVM.swift; sourceTree = "<group>"; };
		F94506402BCE87F90017600B /* NavBarMenu.swift */ = {isa = PBXFileReference; lastKnownFileType = sourcecode.swift; path = NavBarMenu.swift; sourceTree = "<group>"; };
		F94506462BCE88760017600B /* TitleFilters.swift */ = {isa = PBXFileReference; lastKnownFileType = sourcecode.swift; path = TitleFilters.swift; sourceTree = "<group>"; };
		F945064C2BCE88DC0017600B /* CustomButton.swift */ = {isa = PBXFileReference; lastKnownFileType = sourcecode.swift; path = CustomButton.swift; sourceTree = "<group>"; };
		F94506512BCE89430017600B /* SearchResultScreen.swift */ = {isa = PBXFileReference; lastKnownFileType = sourcecode.swift; path = SearchResultScreen.swift; sourceTree = "<group>"; };
		F9ED78932BCFD382001EC482 /* DetailScreen.swift */ = {isa = PBXFileReference; lastKnownFileType = sourcecode.swift; path = DetailScreen.swift; sourceTree = "<group>"; };
		F9ED78962BCFD595001EC482 /* TitleDetail.swift */ = {isa = PBXFileReference; lastKnownFileType = sourcecode.swift; path = TitleDetail.swift; sourceTree = "<group>"; };
		F9ED78982BCFD976001EC482 /* ProductDetailView.swift */ = {isa = PBXFileReference; lastKnownFileType = sourcecode.swift; path = ProductDetailView.swift; sourceTree = "<group>"; };
		F9ED78BA2BD53D49001EC482 /* SearchHistoryList.swift */ = {isa = PBXFileReference; lastKnownFileType = sourcecode.swift; path = SearchHistoryList.swift; sourceTree = "<group>"; };
/* End PBXFileReference section */

/* Begin PBXFrameworksBuildPhase section */
		3C12814A2BCC2FC000DB8F49 /* Frameworks */ = {
			isa = PBXFrameworksBuildPhase;
			buildActionMask = 2147483647;
			files = (
				2D818D142BD2B25E00F65F87 /* NetworkManager.framework in Frameworks */,
				77F87E392BCECADF00506EB7 /* FirebaseDatabaseSwift in Frameworks */,
				77F87E3F2BCECADF00506EB7 /* FirebaseFirestoreCombine-Community in Frameworks */,
				77F87E412BCECADF00506EB7 /* FirebaseFirestoreSwift in Frameworks */,
				7768267A2BCF27650004F714 /* Kingfisher in Frameworks */,
				775E85832BD5BFD1005E2E32 /* BottomSheet in Frameworks */,
				77F87E572BCECADF00506EB7 /* FirebaseStorage in Frameworks */,
				77F87E372BCECADF00506EB7 /* FirebaseDatabase in Frameworks */,
				77F87E312BCECADF00506EB7 /* FirebaseAuth in Frameworks */,
				77F87E3D2BCECADF00506EB7 /* FirebaseFirestore in Frameworks */,
			);
			runOnlyForDeploymentPostprocessing = 0;
		};
/* End PBXFrameworksBuildPhase section */

/* Begin PBXGroup section */
		3C1281442BCC2FC000DB8F49 = {
			isa = PBXGroup;
			children = (
				7757B0092BCD849E00C6F56A /* NetworkManager.xcodeproj */,
				3C12814F2BCC2FC000DB8F49 /* DashMart */,
				3C12814E2BCC2FC000DB8F49 /* Products */,
				7757B0182BCD84BE00C6F56A /* Frameworks */,
			);
			sourceTree = "<group>";
		};
		3C12814E2BCC2FC000DB8F49 /* Products */ = {
			isa = PBXGroup;
			children = (
				3C12814D2BCC2FC000DB8F49 /* DashMart.app */,
			);
			name = Products;
			sourceTree = "<group>";
		};
		3C12814F2BCC2FC000DB8F49 /* DashMart */ = {
			isa = PBXGroup;
			children = (
				2DBAAA8D2BD7030000248525 /* Info.plist */,
				3C1281502BCC2FC000DB8F49 /* DashMartApp.swift */,
				7758CDE52BCEDF970038E801 /* ContentView.swift */,
				7757B02D2BCDA07500C6F56A /* Managers */,
				3C1281602BCC32EE00DB8F49 /* Core */,
				77B5A1B62BD71BB800E86836 /* Utils */,
				77F87E642BCECF0A00506EB7 /* Extensions */,
				3C1281542BCC2FC100DB8F49 /* Assets.xcassets */,
				776826632BCF03B40004F714 /* GoogleService-Info.plist */,
				3C1281562BCC2FC100DB8F49 /* Preview Content */,
			);
			path = DashMart;
			sourceTree = "<group>";
		};
		3C1281562BCC2FC100DB8F49 /* Preview Content */ = {
			isa = PBXGroup;
			children = (
				3C1281572BCC2FC100DB8F49 /* Preview Assets.xcassets */,
			);
			path = "Preview Content";
			sourceTree = "<group>";
		};
		3C1281602BCC32EE00DB8F49 /* Core */ = {
			isa = PBXGroup;
			children = (
				776826582BCEFFAE0004F714 /* Tabbar */,
				7758CDE42BCEDEC30038E801 /* Views */,
				77F87E1C2BCECA6200506EB7 /* Authorize */,
				3C1281662BCC335800DB8F49 /* OnboardingScreen */,
				3C1281622BCC32F600DB8F49 /* HomeScreen */,
				7768267D2BCF37D10004F714 /* WishlistScreen */,
				77B87D902BD073D80003A468 /* AccountScreen */,
				77B5A1AA2BD6FD3A00E86836 /* ManagerScreen */,
				775E85742BD5ADC1005E2E32 /* CartScreen */,
			);
			path = Core;
			sourceTree = "<group>";
		};
		3C1281622BCC32F600DB8F49 /* HomeScreen */ = {
			isa = PBXGroup;
			children = (
				3C1281522BCC2FC000DB8F49 /* HomeScreen.swift */,
				F945063F2BCE87A40017600B /* Components */,
				F94506502BCE89350017600B /* SearchResultScreen */,
				F9ED78922BCFD1BC001EC482 /* DetailView */,
			);
			path = HomeScreen;
			sourceTree = "<group>";
		};
		3C1281662BCC335800DB8F49 /* OnboardingScreen */ = {
			isa = PBXGroup;
			children = (
				CAF7DC112BCD5A5800BCE0DF /* OnboardingView.swift */,
				CAF7DC132BCD5A6A00BCE0DF /* OnboardingPage.swift */,
				2DD0148E2BD92FCE00EB737D /* OnboardingShape.swift */,
				CAF7DC152BCD5A7800BCE0DF /* PageIndicator.swift */,
				CAF7DC172BCD5A8900BCE0DF /* OnboardingItem.swift */,
			);
			path = OnboardingScreen;
			sourceTree = "<group>";
		};
		7757B00A2BCD849E00C6F56A /* Products */ = {
			isa = PBXGroup;
			children = (
				7757B00F2BCD849E00C6F56A /* NetworkManager.framework */,
				7757B0112BCD849E00C6F56A /* NetworkManagerTests.xctest */,
			);
			name = Products;
			sourceTree = "<group>";
		};
		7757B0182BCD84BE00C6F56A /* Frameworks */ = {
			isa = PBXGroup;
			children = (
			);
			name = Frameworks;
			sourceTree = "<group>";
		};
		7757B0232BCD88FA00C6F56A /* Network */ = {
			isa = PBXGroup;
			children = (
				7757B0212BCD888700C6F56A /* Entities.swift */,
				7757B0242BCD891B00C6F56A /* ProductsRequest.swift */,
				7757B02B2BCD9E4F00C6F56A /* CategoriesRequest.swift */,
				7757B0262BCD89B900C6F56A /* NetworkService.swift */,
			);
			path = Network;
			sourceTree = "<group>";
		};
		7757B02D2BCDA07500C6F56A /* Managers */ = {
			isa = PBXGroup;
			children = (
				77F87E5C2BCECC0000506EB7 /* AuthorizeService.swift */,
				77F87E5E2BCECC6400506EB7 /* RouterService.swift */,
				77F87E602BCECC8100506EB7 /* StorageService.swift */,
				77C25A252BD5C76800C55853 /* ManagerService.swift */,
				775E857B2BD5B2BC005E2E32 /* LocationService.swift */,
				7757B0232BCD88FA00C6F56A /* Network */,
			);
			path = Managers;
			sourceTree = "<group>";
		};
		7758CDE42BCEDEC30038E801 /* Views */ = {
			isa = PBXGroup;
			children = (
				7758CDE22BCEDD510038E801 /* RoundedButton.swift */,
				7729E5F42BD48F540036C1ED /* ProductItem.swift */,
				775E857F2BD5BB62005E2E32 /* CountrySelection.swift */,
				7729E5F82BD48F820036C1ED /* CardButton.swift */,
				7729E5F02BD472470036C1ED /* CategoryView.swift */,
				7729E5F62BD48F700036C1ED /* SearchTextField.swift */,
				77B5A1B22BD70C0A00E86836 /* DashScreen.swift */,
				7729E5F22BD479EE0036C1ED /* SeparatorView.swift */,
				7784352C2BD8382000776D08 /* ManagerEditField.swift */,
			);
			path = Views;
			sourceTree = "<group>";
		};
		775E85742BD5ADC1005E2E32 /* CartScreen */ = {
			isa = PBXGroup;
			children = (
				775E85722BD56DF4005E2E32 /* CartScreen.swift */,
			);
			path = CartScreen;
			sourceTree = "<group>";
		};
		776826582BCEFFAE0004F714 /* Tabbar */ = {
			isa = PBXGroup;
			children = (
				7768265C2BCEFFAE0004F714 /* TabBar.swift */,
			);
			path = Tabbar;
			sourceTree = "<group>";
		};
		7768267D2BCF37D10004F714 /* WishlistScreen */ = {
			isa = PBXGroup;
			children = (
				7768267B2BCF37BF0004F714 /* WishlistScreen.swift */,
			);
			path = WishlistScreen;
			sourceTree = "<group>";
		};
		77B5A1AA2BD6FD3A00E86836 /* ManagerScreen */ = {
			isa = PBXGroup;
			children = (
				77B5A1A82BD6FD3500E86836 /* ManagerScreen.swift */,
				77B5A1AE2BD7030E00E86836 /* ManagerEditScreen.swift */,
				778435282BD833CF00776D08 /* ManagerEditCategory.swift */,
				77B5A1B02BD7038D00E86836 /* ManagerEditProduct.swift */,
			);
			path = ManagerScreen;
			sourceTree = "<group>";
		};
		77B5A1B62BD71BB800E86836 /* Utils */ = {
			isa = PBXGroup;
			children = (
				77B5A1B42BD71BAC00E86836 /* Modifiers.swift */,
			);
			path = Utils;
			sourceTree = "<group>";
		};
		77B87D902BD073D80003A468 /* AccountScreen */ = {
			isa = PBXGroup;
			children = (
				77B87D8E2BD073D50003A468 /* AccountView.swift */,
				77B87D912BD0856E0003A468 /* TermsView.swift */,
				2DBAAA8E2BD7AA6D00248525 /* ImagePicker.swift */,
				777532DE2BDB14DC004B2500 /* EditAccountView.swift */,
			);
			path = AccountScreen;
			sourceTree = "<group>";
		};
		77F87E1C2BCECA6200506EB7 /* Authorize */ = {
			isa = PBXGroup;
			children = (
				77F87E1D2BCECA6200506EB7 /* AuthorizeView.swift */,
				77F87E1E2BCECA6200506EB7 /* AuthorizeReducer.swift */,
				77F87E1F2BCECA6200506EB7 /* AuthorizeStore.swift */,
			);
			name = Authorize;
			path = DashMart/Core/Authorize;
			sourceTree = SOURCE_ROOT;
		};
		77F87E642BCECF0A00506EB7 /* Extensions */ = {
			isa = PBXGroup;
			children = (
				7758CDE02BCED3A80038E801 /* Color+hex.swift */,
				77F87E622BCECF0200506EB7 /* View+Extension.swift */,
				2D818D3E2BD6E83700F65F87 /* UIImage+Extension.swift */,
				77B5A1AC2BD7010500E86836 /* CGFloat+Extension.swift */,
			);
			path = Extensions;
			sourceTree = "<group>";
		};
		F945063F2BCE87A40017600B /* Components */ = {
			isa = PBXGroup;
			children = (
				F94506402BCE87F90017600B /* NavBarMenu.swift */,
				F922DF622BDBA5D9004DFC76 /* FilterProductsVM.swift */,
				F94506462BCE88760017600B /* TitleFilters.swift */,
				F9ED78BA2BD53D49001EC482 /* SearchHistoryList.swift */,
				F945064C2BCE88DC0017600B /* CustomButton.swift */,
				CAE395492BD5A34D00AEA15A /* PlaymentMethod.swift */,
			);
			path = Components;
			sourceTree = "<group>";
		};
		F94506502BCE89350017600B /* SearchResultScreen */ = {
			isa = PBXGroup;
			children = (
				F94506512BCE89430017600B /* SearchResultScreen.swift */,
			);
			name = SearchResultScreen;
			path = Components/SearchResultScreen;
			sourceTree = "<group>";
		};
		F9ED78922BCFD1BC001EC482 /* DetailView */ = {
			isa = PBXGroup;
			children = (
				F9ED78932BCFD382001EC482 /* DetailScreen.swift */,
				F9ED78952BCFD53C001EC482 /* Components */,
			);
			path = DetailView;
			sourceTree = "<group>";
		};
		F9ED78952BCFD53C001EC482 /* Components */ = {
			isa = PBXGroup;
			children = (
				F9ED78962BCFD595001EC482 /* TitleDetail.swift */,
				F9ED78982BCFD976001EC482 /* ProductDetailView.swift */,
			);
			path = Components;
			sourceTree = "<group>";
		};
/* End PBXGroup section */

/* Begin PBXNativeTarget section */
		3C12814C2BCC2FC000DB8F49 /* DashMart */ = {
			isa = PBXNativeTarget;
			buildConfigurationList = 3C12815B2BCC2FC100DB8F49 /* Build configuration list for PBXNativeTarget "DashMart" */;
			buildPhases = (
				3C1281492BCC2FC000DB8F49 /* Sources */,
				3C12814A2BCC2FC000DB8F49 /* Frameworks */,
				3C12814B2BCC2FC000DB8F49 /* Resources */,
				2D818D162BD2B25F00F65F87 /* Embed Frameworks */,
			);
			buildRules = (
			);
			dependencies = (
			);
			name = DashMart;
			packageProductDependencies = (
				77F87E302BCECADF00506EB7 /* FirebaseAuth */,
				77F87E362BCECADF00506EB7 /* FirebaseDatabase */,
				77F87E382BCECADF00506EB7 /* FirebaseDatabaseSwift */,
				77F87E3C2BCECADF00506EB7 /* FirebaseFirestore */,
				77F87E3E2BCECADF00506EB7 /* FirebaseFirestoreCombine-Community */,
				77F87E402BCECADF00506EB7 /* FirebaseFirestoreSwift */,
				77F87E562BCECADF00506EB7 /* FirebaseStorage */,
				776826792BCF27650004F714 /* Kingfisher */,
				775E85822BD5BFD1005E2E32 /* BottomSheet */,
			);
			productName = DashMart;
			productReference = 3C12814D2BCC2FC000DB8F49 /* DashMart.app */;
			productType = "com.apple.product-type.application";
		};
/* End PBXNativeTarget section */

/* Begin PBXProject section */
		3C1281452BCC2FC000DB8F49 /* Project object */ = {
			isa = PBXProject;
			attributes = {
				BuildIndependentTargetsInParallel = 1;
				LastSwiftUpdateCheck = 1520;
				LastUpgradeCheck = 1520;
				TargetAttributes = {
					3C12814C2BCC2FC000DB8F49 = {
						CreatedOnToolsVersion = 15.2;
					};
				};
			};
			buildConfigurationList = 3C1281482BCC2FC000DB8F49 /* Build configuration list for PBXProject "DashMart" */;
			compatibilityVersion = "Xcode 14.0";
			developmentRegion = en;
			hasScannedForEncodings = 0;
			knownRegions = (
				en,
				Base,
			);
			mainGroup = 3C1281442BCC2FC000DB8F49;
			packageReferences = (
				77F87E232BCECADF00506EB7 /* XCRemoteSwiftPackageReference "firebase-ios-sdk" */,
				776826782BCF27650004F714 /* XCRemoteSwiftPackageReference "Kingfisher" */,
				775E85812BD5BFD1005E2E32 /* XCRemoteSwiftPackageReference "BottomSheet" */,
			);
			productRefGroup = 3C12814E2BCC2FC000DB8F49 /* Products */;
			projectDirPath = "";
			projectReferences = (
				{
					ProductGroup = 7757B00A2BCD849E00C6F56A /* Products */;
					ProjectRef = 7757B0092BCD849E00C6F56A /* NetworkManager.xcodeproj */;
				},
			);
			projectRoot = "";
			targets = (
				3C12814C2BCC2FC000DB8F49 /* DashMart */,
			);
		};
/* End PBXProject section */

/* Begin PBXReferenceProxy section */
		7757B00F2BCD849E00C6F56A /* NetworkManager.framework */ = {
			isa = PBXReferenceProxy;
			fileType = wrapper.framework;
			path = NetworkManager.framework;
			remoteRef = 7757B00E2BCD849E00C6F56A /* PBXContainerItemProxy */;
			sourceTree = BUILT_PRODUCTS_DIR;
		};
		7757B0112BCD849E00C6F56A /* NetworkManagerTests.xctest */ = {
			isa = PBXReferenceProxy;
			fileType = wrapper.cfbundle;
			path = NetworkManagerTests.xctest;
			remoteRef = 7757B0102BCD849E00C6F56A /* PBXContainerItemProxy */;
			sourceTree = BUILT_PRODUCTS_DIR;
		};
/* End PBXReferenceProxy section */

/* Begin PBXResourcesBuildPhase section */
		3C12814B2BCC2FC000DB8F49 /* Resources */ = {
			isa = PBXResourcesBuildPhase;
			buildActionMask = 2147483647;
			files = (
				3C1281582BCC2FC100DB8F49 /* Preview Assets.xcassets in Resources */,
				3C1281552BCC2FC100DB8F49 /* Assets.xcassets in Resources */,
				776826642BCF03B40004F714 /* GoogleService-Info.plist in Resources */,
			);
			runOnlyForDeploymentPostprocessing = 0;
		};
/* End PBXResourcesBuildPhase section */

/* Begin PBXSourcesBuildPhase section */
		3C1281492BCC2FC000DB8F49 /* Sources */ = {
			isa = PBXSourcesBuildPhase;
			buildActionMask = 2147483647;
			files = (
				7757B0222BCD888700C6F56A /* Entities.swift in Sources */,
				7758CDE32BCEDD510038E801 /* RoundedButton.swift in Sources */,
				2DD0148F2BD92FCE00EB737D /* OnboardingShape.swift in Sources */,
				7784352D2BD8382000776D08 /* ManagerEditField.swift in Sources */,
				CAE3954A2BD5A34D00AEA15A /* PlaymentMethod.swift in Sources */,
				778435292BD833CF00776D08 /* ManagerEditCategory.swift in Sources */,
				775E857C2BD5B2BC005E2E32 /* LocationService.swift in Sources */,
				77F87E5D2BCECC0000506EB7 /* AuthorizeService.swift in Sources */,
				7729E5F92BD48F820036C1ED /* CardButton.swift in Sources */,
				77B87D8F2BD073D50003A468 /* AccountView.swift in Sources */,
				77F87E222BCECA6200506EB7 /* AuthorizeStore.swift in Sources */,
				7729E5F12BD472470036C1ED /* CategoryView.swift in Sources */,
				77F87E632BCECF0200506EB7 /* View+Extension.swift in Sources */,
				7757B0252BCD891B00C6F56A /* ProductsRequest.swift in Sources */,
				7758CDE62BCEDF970038E801 /* ContentView.swift in Sources */,
				2D818D3F2BD6E83700F65F87 /* UIImage+Extension.swift in Sources */,
				2DBAAA8F2BD7AA6D00248525 /* ImagePicker.swift in Sources */,
				77B5A1A92BD6FD3500E86836 /* ManagerScreen.swift in Sources */,
				7768267C2BCF37BF0004F714 /* WishlistScreen.swift in Sources */,
				F94506412BCE87F90017600B /* NavBarMenu.swift in Sources */,
				7757B0272BCD89B900C6F56A /* NetworkService.swift in Sources */,
				7729E5F52BD48F540036C1ED /* ProductItem.swift in Sources */,
				F922DF632BDBA5D9004DFC76 /* FilterProductsVM.swift in Sources */,
				F945064D2BCE88DD0017600B /* CustomButton.swift in Sources */,
				775E85802BD5BB62005E2E32 /* CountrySelection.swift in Sources */,
				77F87E612BCECC8100506EB7 /* StorageService.swift in Sources */,
				77F87E202BCECA6200506EB7 /* AuthorizeView.swift in Sources */,
				775E85732BD56DF4005E2E32 /* CartScreen.swift in Sources */,
				77B5A1B52BD71BAC00E86836 /* Modifiers.swift in Sources */,
				7757B02C2BCD9E4F00C6F56A /* CategoriesRequest.swift in Sources */,
				7729E5F32BD479EE0036C1ED /* SeparatorView.swift in Sources */,
				7729E5F72BD48F700036C1ED /* SearchTextField.swift in Sources */,
				CAF7DC122BCD5A5800BCE0DF /* OnboardingView.swift in Sources */,
				77F87E212BCECA6200506EB7 /* AuthorizeReducer.swift in Sources */,
				3C1281512BCC2FC000DB8F49 /* DashMartApp.swift in Sources */,
				77B5A1B12BD7038D00E86836 /* ManagerEditProduct.swift in Sources */,
				77B5A1AD2BD7010500E86836 /* CGFloat+Extension.swift in Sources */,
				77B5A1AF2BD7030E00E86836 /* ManagerEditScreen.swift in Sources */,
				77F87E5F2BCECC6400506EB7 /* RouterService.swift in Sources */,
				CAF7DC162BCD5A7900BCE0DF /* PageIndicator.swift in Sources */,
				F9ED78BB2BD53D4A001EC482 /* SearchHistoryList.swift in Sources */,
				CAF7DC142BCD5A6A00BCE0DF /* OnboardingPage.swift in Sources */,
				CAF7DC182BCD5A8900BCE0DF /* OnboardingItem.swift in Sources */,
				F9ED78992BCFD976001EC482 /* ProductDetailView.swift in Sources */,
				77C25A262BD5C76800C55853 /* ManagerService.swift in Sources */,
				F94506522BCE89430017600B /* SearchResultScreen.swift in Sources */,
				776826612BCEFFAE0004F714 /* TabBar.swift in Sources */,
				77B5A1B32BD70C0A00E86836 /* DashScreen.swift in Sources */,
				F94506472BCE88760017600B /* TitleFilters.swift in Sources */,
				777532DF2BDB14DC004B2500 /* EditAccountView.swift in Sources */,
				3C1281532BCC2FC000DB8F49 /* HomeScreen.swift in Sources */,
				F9ED78972BCFD595001EC482 /* TitleDetail.swift in Sources */,
				F9ED78942BCFD382001EC482 /* DetailScreen.swift in Sources */,
				77B87D922BD0856E0003A468 /* TermsView.swift in Sources */,
				7758CDE12BCED3A80038E801 /* Color+hex.swift in Sources */,
			);
			runOnlyForDeploymentPostprocessing = 0;
		};
/* End PBXSourcesBuildPhase section */

/* Begin XCBuildConfiguration section */
		3C1281592BCC2FC100DB8F49 /* Debug */ = {
			isa = XCBuildConfiguration;
			buildSettings = {
				ALWAYS_SEARCH_USER_PATHS = NO;
				ASSETCATALOG_COMPILER_GENERATE_SWIFT_ASSET_SYMBOL_EXTENSIONS = YES;
				CLANG_ANALYZER_NONNULL = YES;
				CLANG_ANALYZER_NUMBER_OBJECT_CONVERSION = YES_AGGRESSIVE;
				CLANG_CXX_LANGUAGE_STANDARD = "gnu++20";
				CLANG_ENABLE_MODULES = YES;
				CLANG_ENABLE_OBJC_ARC = YES;
				CLANG_ENABLE_OBJC_WEAK = YES;
				CLANG_WARN_BLOCK_CAPTURE_AUTORELEASING = YES;
				CLANG_WARN_BOOL_CONVERSION = YES;
				CLANG_WARN_COMMA = YES;
				CLANG_WARN_CONSTANT_CONVERSION = YES;
				CLANG_WARN_DEPRECATED_OBJC_IMPLEMENTATIONS = YES;
				CLANG_WARN_DIRECT_OBJC_ISA_USAGE = YES_ERROR;
				CLANG_WARN_DOCUMENTATION_COMMENTS = YES;
				CLANG_WARN_EMPTY_BODY = YES;
				CLANG_WARN_ENUM_CONVERSION = YES;
				CLANG_WARN_INFINITE_RECURSION = YES;
				CLANG_WARN_INT_CONVERSION = YES;
				CLANG_WARN_NON_LITERAL_NULL_CONVERSION = YES;
				CLANG_WARN_OBJC_IMPLICIT_RETAIN_SELF = YES;
				CLANG_WARN_OBJC_LITERAL_CONVERSION = YES;
				CLANG_WARN_OBJC_ROOT_CLASS = YES_ERROR;
				CLANG_WARN_QUOTED_INCLUDE_IN_FRAMEWORK_HEADER = YES;
				CLANG_WARN_RANGE_LOOP_ANALYSIS = YES;
				CLANG_WARN_STRICT_PROTOTYPES = YES;
				CLANG_WARN_SUSPICIOUS_MOVE = YES;
				CLANG_WARN_UNGUARDED_AVAILABILITY = YES_AGGRESSIVE;
				CLANG_WARN_UNREACHABLE_CODE = YES;
				CLANG_WARN__DUPLICATE_METHOD_MATCH = YES;
				COPY_PHASE_STRIP = NO;
				DEBUG_INFORMATION_FORMAT = dwarf;
				ENABLE_STRICT_OBJC_MSGSEND = YES;
				ENABLE_TESTABILITY = YES;
				ENABLE_USER_SCRIPT_SANDBOXING = YES;
				GCC_C_LANGUAGE_STANDARD = gnu17;
				GCC_DYNAMIC_NO_PIC = NO;
				GCC_NO_COMMON_BLOCKS = YES;
				GCC_OPTIMIZATION_LEVEL = 0;
				GCC_PREPROCESSOR_DEFINITIONS = (
					"DEBUG=1",
					"$(inherited)",
				);
				GCC_WARN_64_TO_32_BIT_CONVERSION = YES;
				GCC_WARN_ABOUT_RETURN_TYPE = YES_ERROR;
				GCC_WARN_UNDECLARED_SELECTOR = YES;
				GCC_WARN_UNINITIALIZED_AUTOS = YES_AGGRESSIVE;
				GCC_WARN_UNUSED_FUNCTION = YES;
				GCC_WARN_UNUSED_VARIABLE = YES;
				IPHONEOS_DEPLOYMENT_TARGET = 15.0;
				LOCALIZATION_PREFERS_STRING_CATALOGS = YES;
				MTL_ENABLE_DEBUG_INFO = INCLUDE_SOURCE;
				MTL_FAST_MATH = YES;
				ONLY_ACTIVE_ARCH = YES;
				SDKROOT = iphoneos;
				SWIFT_ACTIVE_COMPILATION_CONDITIONS = "DEBUG $(inherited)";
				SWIFT_OPTIMIZATION_LEVEL = "-Onone";
			};
			name = Debug;
		};
		3C12815A2BCC2FC100DB8F49 /* Release */ = {
			isa = XCBuildConfiguration;
			buildSettings = {
				ALWAYS_SEARCH_USER_PATHS = NO;
				ASSETCATALOG_COMPILER_GENERATE_SWIFT_ASSET_SYMBOL_EXTENSIONS = YES;
				CLANG_ANALYZER_NONNULL = YES;
				CLANG_ANALYZER_NUMBER_OBJECT_CONVERSION = YES_AGGRESSIVE;
				CLANG_CXX_LANGUAGE_STANDARD = "gnu++20";
				CLANG_ENABLE_MODULES = YES;
				CLANG_ENABLE_OBJC_ARC = YES;
				CLANG_ENABLE_OBJC_WEAK = YES;
				CLANG_WARN_BLOCK_CAPTURE_AUTORELEASING = YES;
				CLANG_WARN_BOOL_CONVERSION = YES;
				CLANG_WARN_COMMA = YES;
				CLANG_WARN_CONSTANT_CONVERSION = YES;
				CLANG_WARN_DEPRECATED_OBJC_IMPLEMENTATIONS = YES;
				CLANG_WARN_DIRECT_OBJC_ISA_USAGE = YES_ERROR;
				CLANG_WARN_DOCUMENTATION_COMMENTS = YES;
				CLANG_WARN_EMPTY_BODY = YES;
				CLANG_WARN_ENUM_CONVERSION = YES;
				CLANG_WARN_INFINITE_RECURSION = YES;
				CLANG_WARN_INT_CONVERSION = YES;
				CLANG_WARN_NON_LITERAL_NULL_CONVERSION = YES;
				CLANG_WARN_OBJC_IMPLICIT_RETAIN_SELF = YES;
				CLANG_WARN_OBJC_LITERAL_CONVERSION = YES;
				CLANG_WARN_OBJC_ROOT_CLASS = YES_ERROR;
				CLANG_WARN_QUOTED_INCLUDE_IN_FRAMEWORK_HEADER = YES;
				CLANG_WARN_RANGE_LOOP_ANALYSIS = YES;
				CLANG_WARN_STRICT_PROTOTYPES = YES;
				CLANG_WARN_SUSPICIOUS_MOVE = YES;
				CLANG_WARN_UNGUARDED_AVAILABILITY = YES_AGGRESSIVE;
				CLANG_WARN_UNREACHABLE_CODE = YES;
				CLANG_WARN__DUPLICATE_METHOD_MATCH = YES;
				COPY_PHASE_STRIP = NO;
				DEBUG_INFORMATION_FORMAT = "dwarf-with-dsym";
				ENABLE_NS_ASSERTIONS = NO;
				ENABLE_STRICT_OBJC_MSGSEND = YES;
				ENABLE_USER_SCRIPT_SANDBOXING = YES;
				GCC_C_LANGUAGE_STANDARD = gnu17;
				GCC_NO_COMMON_BLOCKS = YES;
				GCC_WARN_64_TO_32_BIT_CONVERSION = YES;
				GCC_WARN_ABOUT_RETURN_TYPE = YES_ERROR;
				GCC_WARN_UNDECLARED_SELECTOR = YES;
				GCC_WARN_UNINITIALIZED_AUTOS = YES_AGGRESSIVE;
				GCC_WARN_UNUSED_FUNCTION = YES;
				GCC_WARN_UNUSED_VARIABLE = YES;
				IPHONEOS_DEPLOYMENT_TARGET = 15.0;
				LOCALIZATION_PREFERS_STRING_CATALOGS = YES;
				MTL_ENABLE_DEBUG_INFO = NO;
				MTL_FAST_MATH = YES;
				SDKROOT = iphoneos;
				SWIFT_COMPILATION_MODE = wholemodule;
				VALIDATE_PRODUCT = YES;
			};
			name = Release;
		};
		3C12815C2BCC2FC100DB8F49 /* Debug */ = {
			isa = XCBuildConfiguration;
			buildSettings = {
				ASSETCATALOG_COMPILER_APPICON_NAME = AppIcon;
				ASSETCATALOG_COMPILER_GLOBAL_ACCENT_COLOR_NAME = AccentColor;
				CODE_SIGN_STYLE = Automatic;
				CURRENT_PROJECT_VERSION = 1;
				DEVELOPMENT_ASSET_PATHS = "\"DashMart/Preview Content\"";
				DEVELOPMENT_TEAM = D6BK75VU2R;
				ENABLE_PREVIEWS = YES;
				GENERATE_INFOPLIST_FILE = YES;
				INFOPLIST_FILE = DashMart/Info.plist;
				INFOPLIST_KEY_NSCameraUsageDescription = "DashMart requires access to your phone’s camera.";
				INFOPLIST_KEY_NSLocationWhenInUseUsageDescription = "Identify your location automatically";
				INFOPLIST_KEY_UIApplicationSceneManifest_Generation = YES;
				INFOPLIST_KEY_UIApplicationSupportsIndirectInputEvents = YES;
				INFOPLIST_KEY_UILaunchScreen_Generation = YES;
				INFOPLIST_KEY_UISupportedInterfaceOrientations = UIInterfaceOrientationPortrait;
				IPHONEOS_DEPLOYMENT_TARGET = 15.0;
				LD_RUNPATH_SEARCH_PATHS = (
					"$(inherited)",
					"@executable_path/Frameworks",
				);
				MARKETING_VERSION = 1.0;
				PRODUCT_BUNDLE_IDENTIFIER = dsm5e.DashMart1;
				PRODUCT_NAME = "$(TARGET_NAME)";
				SUPPORTED_PLATFORMS = "iphoneos iphonesimulator";
				SUPPORTS_MACCATALYST = NO;
				SUPPORTS_MAC_DESIGNED_FOR_IPHONE_IPAD = NO;
				SWIFT_EMIT_LOC_STRINGS = YES;
				SWIFT_VERSION = 5.0;
				TARGETED_DEVICE_FAMILY = 1;
			};
			name = Debug;
		};
		3C12815D2BCC2FC100DB8F49 /* Release */ = {
			isa = XCBuildConfiguration;
			buildSettings = {
				ASSETCATALOG_COMPILER_APPICON_NAME = AppIcon;
				ASSETCATALOG_COMPILER_GLOBAL_ACCENT_COLOR_NAME = AccentColor;
				CODE_SIGN_STYLE = Automatic;
				CURRENT_PROJECT_VERSION = 1;
				DEVELOPMENT_ASSET_PATHS = "\"DashMart/Preview Content\"";
				DEVELOPMENT_TEAM = D6BK75VU2R;
				ENABLE_PREVIEWS = YES;
				GENERATE_INFOPLIST_FILE = YES;
				INFOPLIST_FILE = DashMart/Info.plist;
				INFOPLIST_KEY_NSCameraUsageDescription = "DashMart requires access to your phone’s camera.";
				INFOPLIST_KEY_NSLocationWhenInUseUsageDescription = "Identify your location automatically";
				INFOPLIST_KEY_UIApplicationSceneManifest_Generation = YES;
				INFOPLIST_KEY_UIApplicationSupportsIndirectInputEvents = YES;
				INFOPLIST_KEY_UILaunchScreen_Generation = YES;
				INFOPLIST_KEY_UISupportedInterfaceOrientations = UIInterfaceOrientationPortrait;
				IPHONEOS_DEPLOYMENT_TARGET = 15.0;
				LD_RUNPATH_SEARCH_PATHS = (
					"$(inherited)",
					"@executable_path/Frameworks",
				);
				MARKETING_VERSION = 1.0;
				PRODUCT_BUNDLE_IDENTIFIER = dsm5e.DashMart1;
				PRODUCT_NAME = "$(TARGET_NAME)";
				SUPPORTED_PLATFORMS = "iphoneos iphonesimulator";
				SUPPORTS_MACCATALYST = NO;
				SUPPORTS_MAC_DESIGNED_FOR_IPHONE_IPAD = NO;
				SWIFT_EMIT_LOC_STRINGS = YES;
				SWIFT_VERSION = 5.0;
				TARGETED_DEVICE_FAMILY = 1;
			};
			name = Release;
		};
/* End XCBuildConfiguration section */

/* Begin XCConfigurationList section */
		3C1281482BCC2FC000DB8F49 /* Build configuration list for PBXProject "DashMart" */ = {
			isa = XCConfigurationList;
			buildConfigurations = (
				3C1281592BCC2FC100DB8F49 /* Debug */,
				3C12815A2BCC2FC100DB8F49 /* Release */,
			);
			defaultConfigurationIsVisible = 0;
			defaultConfigurationName = Release;
		};
		3C12815B2BCC2FC100DB8F49 /* Build configuration list for PBXNativeTarget "DashMart" */ = {
			isa = XCConfigurationList;
			buildConfigurations = (
				3C12815C2BCC2FC100DB8F49 /* Debug */,
				3C12815D2BCC2FC100DB8F49 /* Release */,
			);
			defaultConfigurationIsVisible = 0;
			defaultConfigurationName = Release;
		};
/* End XCConfigurationList section */

/* Begin XCRemoteSwiftPackageReference section */
		775E85812BD5BFD1005E2E32 /* XCRemoteSwiftPackageReference "BottomSheet" */ = {
			isa = XCRemoteSwiftPackageReference;
			repositoryURL = "https://github.com/adamfootdev/BottomSheet.git";
			requirement = {
				kind = exactVersion;
				version = 0.2.4;
			};
		};
		776826782BCF27650004F714 /* XCRemoteSwiftPackageReference "Kingfisher" */ = {
			isa = XCRemoteSwiftPackageReference;
			repositoryURL = "https://github.com/onevcat/Kingfisher";
			requirement = {
				kind = exactVersion;
				version = 7.11.0;
			};
		};
		77F87E232BCECADF00506EB7 /* XCRemoteSwiftPackageReference "firebase-ios-sdk" */ = {
			isa = XCRemoteSwiftPackageReference;
			repositoryURL = "https://github.com/firebase/firebase-ios-sdk.git";
			requirement = {
				kind = exactVersion;
				version = 10.24.0;
			};
		};
/* End XCRemoteSwiftPackageReference section */

/* Begin XCSwiftPackageProductDependency section */
		775E85822BD5BFD1005E2E32 /* BottomSheet */ = {
			isa = XCSwiftPackageProductDependency;
			package = 775E85812BD5BFD1005E2E32 /* XCRemoteSwiftPackageReference "BottomSheet" */;
			productName = BottomSheet;
		};
		776826792BCF27650004F714 /* Kingfisher */ = {
			isa = XCSwiftPackageProductDependency;
			package = 776826782BCF27650004F714 /* XCRemoteSwiftPackageReference "Kingfisher" */;
			productName = Kingfisher;
		};
		77F87E302BCECADF00506EB7 /* FirebaseAuth */ = {
			isa = XCSwiftPackageProductDependency;
			package = 77F87E232BCECADF00506EB7 /* XCRemoteSwiftPackageReference "firebase-ios-sdk" */;
			productName = FirebaseAuth;
		};
		77F87E362BCECADF00506EB7 /* FirebaseDatabase */ = {
			isa = XCSwiftPackageProductDependency;
			package = 77F87E232BCECADF00506EB7 /* XCRemoteSwiftPackageReference "firebase-ios-sdk" */;
			productName = FirebaseDatabase;
		};
		77F87E382BCECADF00506EB7 /* FirebaseDatabaseSwift */ = {
			isa = XCSwiftPackageProductDependency;
			package = 77F87E232BCECADF00506EB7 /* XCRemoteSwiftPackageReference "firebase-ios-sdk" */;
			productName = FirebaseDatabaseSwift;
		};
		77F87E3C2BCECADF00506EB7 /* FirebaseFirestore */ = {
			isa = XCSwiftPackageProductDependency;
			package = 77F87E232BCECADF00506EB7 /* XCRemoteSwiftPackageReference "firebase-ios-sdk" */;
			productName = FirebaseFirestore;
		};
		77F87E3E2BCECADF00506EB7 /* FirebaseFirestoreCombine-Community */ = {
			isa = XCSwiftPackageProductDependency;
			package = 77F87E232BCECADF00506EB7 /* XCRemoteSwiftPackageReference "firebase-ios-sdk" */;
			productName = "FirebaseFirestoreCombine-Community";
		};
		77F87E402BCECADF00506EB7 /* FirebaseFirestoreSwift */ = {
			isa = XCSwiftPackageProductDependency;
			package = 77F87E232BCECADF00506EB7 /* XCRemoteSwiftPackageReference "firebase-ios-sdk" */;
			productName = FirebaseFirestoreSwift;
		};
		77F87E562BCECADF00506EB7 /* FirebaseStorage */ = {
			isa = XCSwiftPackageProductDependency;
			package = 77F87E232BCECADF00506EB7 /* XCRemoteSwiftPackageReference "firebase-ios-sdk" */;
			productName = FirebaseStorage;
		};
/* End XCSwiftPackageProductDependency section */
	};
	rootObject = 3C1281452BCC2FC000DB8F49 /* Project object */;
}
