// !$*UTF8*$!
{
	archiveVersion = 1;
	classes = {
	};
	objectVersion = 56;
	objects = {

/* Begin PBXBuildFile section */
		3C1281512BCC2FC000DB8F49 /* DashMartApp.swift in Sources */ = {isa = PBXBuildFile; fileRef = 3C1281502BCC2FC000DB8F49 /* DashMartApp.swift */; };
		3C1281532BCC2FC000DB8F49 /* HomeScreen.swift in Sources */ = {isa = PBXBuildFile; fileRef = 3C1281522BCC2FC000DB8F49 /* HomeScreen.swift */; };
		3C1281552BCC2FC100DB8F49 /* Assets.xcassets in Resources */ = {isa = PBXBuildFile; fileRef = 3C1281542BCC2FC100DB8F49 /* Assets.xcassets */; };
		3C1281582BCC2FC100DB8F49 /* Preview Assets.xcassets in Resources */ = {isa = PBXBuildFile; fileRef = 3C1281572BCC2FC100DB8F49 /* Preview Assets.xcassets */; };
		7757B0222BCD888700C6F56A /* Entities.swift in Sources */ = {isa = PBXBuildFile; fileRef = 7757B0212BCD888700C6F56A /* Entities.swift */; };
		7757B0252BCD891B00C6F56A /* ProductsRequest.swift in Sources */ = {isa = PBXBuildFile; fileRef = 7757B0242BCD891B00C6F56A /* ProductsRequest.swift */; };
		7757B0272BCD89B900C6F56A /* NetworkService.swift in Sources */ = {isa = PBXBuildFile; fileRef = 7757B0262BCD89B900C6F56A /* NetworkService.swift */; };
		7757B0282BCD932F00C6F56A /* NetworkManager.framework in Frameworks */ = {isa = PBXBuildFile; fileRef = 7757B00F2BCD849E00C6F56A /* NetworkManager.framework */; };
		7757B02C2BCD9E4F00C6F56A /* CategoriesRequest.swift in Sources */ = {isa = PBXBuildFile; fileRef = 7757B02B2BCD9E4F00C6F56A /* CategoriesRequest.swift */; };
		F945063C2BCE87710017600B /* Color+hex.swift in Sources */ = {isa = PBXBuildFile; fileRef = F945063B2BCE87710017600B /* Color+hex.swift */; };
		F94506412BCE87F90017600B /* NavBarMenu.swift in Sources */ = {isa = PBXBuildFile; fileRef = F94506402BCE87F90017600B /* NavBarMenu.swift */; };
		F94506432BCE88300017600B /* SearchBar.swift in Sources */ = {isa = PBXBuildFile; fileRef = F94506422BCE88300017600B /* SearchBar.swift */; };
		F94506452BCE88530017600B /* Categories.swift in Sources */ = {isa = PBXBuildFile; fileRef = F94506442BCE88530017600B /* Categories.swift */; };
		F94506472BCE88760017600B /* TitleFilters.swift in Sources */ = {isa = PBXBuildFile; fileRef = F94506462BCE88760017600B /* TitleFilters.swift */; };
		F94506492BCE88960017600B /* ProductList.swift in Sources */ = {isa = PBXBuildFile; fileRef = F94506482BCE88960017600B /* ProductList.swift */; };
		F945064B2BCE88BB0017600B /* ProductCard.swift in Sources */ = {isa = PBXBuildFile; fileRef = F945064A2BCE88BB0017600B /* ProductCard.swift */; };
		F945064D2BCE88DD0017600B /* CustomButton.swift in Sources */ = {isa = PBXBuildFile; fileRef = F945064C2BCE88DC0017600B /* CustomButton.swift */; };
		F945064F2BCE88FE0017600B /* CustomIconButton.swift in Sources */ = {isa = PBXBuildFile; fileRef = F945064E2BCE88FE0017600B /* CustomIconButton.swift */; };
		F94506522BCE89430017600B /* SearchResultScreen.swift in Sources */ = {isa = PBXBuildFile; fileRef = F94506512BCE89430017600B /* SearchResultScreen.swift */; };
/* End PBXBuildFile section */

/* Begin PBXContainerItemProxy section */
		7757B00E2BCD849E00C6F56A /* PBXContainerItemProxy */ = {
			isa = PBXContainerItemProxy;
			containerPortal = 7757B0092BCD849E00C6F56A /* NetworkManager.xcodeproj */;
			proxyType = 2;
			remoteGlobalIDString = 7757AFF12BCD849D00C6F56A;
			remoteInfo = NetworkManager;
		};
		7757B0102BCD849E00C6F56A /* PBXContainerItemProxy */ = {
			isa = PBXContainerItemProxy;
			containerPortal = 7757B0092BCD849E00C6F56A /* NetworkManager.xcodeproj */;
			proxyType = 2;
			remoteGlobalIDString = 7757AFF92BCD849E00C6F56A;
			remoteInfo = NetworkManagerTests;
		};
/* End PBXContainerItemProxy section */

/* Begin PBXFileReference section */
		3C12814D2BCC2FC000DB8F49 /* DashMart.app */ = {isa = PBXFileReference; explicitFileType = wrapper.application; includeInIndex = 0; path = DashMart.app; sourceTree = BUILT_PRODUCTS_DIR; };
		3C1281502BCC2FC000DB8F49 /* DashMartApp.swift */ = {isa = PBXFileReference; lastKnownFileType = sourcecode.swift; path = DashMartApp.swift; sourceTree = "<group>"; };
		3C1281522BCC2FC000DB8F49 /* HomeScreen.swift */ = {isa = PBXFileReference; lastKnownFileType = sourcecode.swift; path = HomeScreen.swift; sourceTree = "<group>"; };
		3C1281542BCC2FC100DB8F49 /* Assets.xcassets */ = {isa = PBXFileReference; lastKnownFileType = folder.assetcatalog; path = Assets.xcassets; sourceTree = "<group>"; };
		3C1281572BCC2FC100DB8F49 /* Preview Assets.xcassets */ = {isa = PBXFileReference; lastKnownFileType = folder.assetcatalog; path = "Preview Assets.xcassets"; sourceTree = "<group>"; };
		7757B0092BCD849E00C6F56A /* NetworkManager.xcodeproj */ = {isa = PBXFileReference; lastKnownFileType = "wrapper.pb-project"; name = NetworkManager.xcodeproj; path = NetworkManager/NetworkManager.xcodeproj; sourceTree = "<group>"; };
		7757B0212BCD888700C6F56A /* Entities.swift */ = {isa = PBXFileReference; lastKnownFileType = sourcecode.swift; path = Entities.swift; sourceTree = "<group>"; };
		7757B0242BCD891B00C6F56A /* ProductsRequest.swift */ = {isa = PBXFileReference; lastKnownFileType = sourcecode.swift; path = ProductsRequest.swift; sourceTree = "<group>"; };
		7757B0262BCD89B900C6F56A /* NetworkService.swift */ = {isa = PBXFileReference; lastKnownFileType = sourcecode.swift; path = NetworkService.swift; sourceTree = "<group>"; };
		7757B02B2BCD9E4F00C6F56A /* CategoriesRequest.swift */ = {isa = PBXFileReference; lastKnownFileType = sourcecode.swift; path = CategoriesRequest.swift; sourceTree = "<group>"; };
		F945063B2BCE87710017600B /* Color+hex.swift */ = {isa = PBXFileReference; lastKnownFileType = sourcecode.swift; name = "Color+hex.swift"; path = "DashMart/Core/HomeScreen/Color+hex.swift"; sourceTree = SOURCE_ROOT; };
		F94506402BCE87F90017600B /* NavBarMenu.swift */ = {isa = PBXFileReference; lastKnownFileType = sourcecode.swift; path = NavBarMenu.swift; sourceTree = "<group>"; };
		F94506422BCE88300017600B /* SearchBar.swift */ = {isa = PBXFileReference; lastKnownFileType = sourcecode.swift; path = SearchBar.swift; sourceTree = "<group>"; };
		F94506442BCE88530017600B /* Categories.swift */ = {isa = PBXFileReference; lastKnownFileType = sourcecode.swift; path = Categories.swift; sourceTree = "<group>"; };
		F94506462BCE88760017600B /* TitleFilters.swift */ = {isa = PBXFileReference; lastKnownFileType = sourcecode.swift; path = TitleFilters.swift; sourceTree = "<group>"; };
		F94506482BCE88960017600B /* ProductList.swift */ = {isa = PBXFileReference; lastKnownFileType = sourcecode.swift; path = ProductList.swift; sourceTree = "<group>"; };
		F945064A2BCE88BB0017600B /* ProductCard.swift */ = {isa = PBXFileReference; lastKnownFileType = sourcecode.swift; path = ProductCard.swift; sourceTree = "<group>"; };
		F945064C2BCE88DC0017600B /* CustomButton.swift */ = {isa = PBXFileReference; lastKnownFileType = sourcecode.swift; path = CustomButton.swift; sourceTree = "<group>"; };
		F945064E2BCE88FE0017600B /* CustomIconButton.swift */ = {isa = PBXFileReference; lastKnownFileType = sourcecode.swift; path = CustomIconButton.swift; sourceTree = "<group>"; };
		F94506512BCE89430017600B /* SearchResultScreen.swift */ = {isa = PBXFileReference; lastKnownFileType = sourcecode.swift; path = SearchResultScreen.swift; sourceTree = "<group>"; };
/* End PBXFileReference section */

/* Begin PBXFrameworksBuildPhase section */
		3C12814A2BCC2FC000DB8F49 /* Frameworks */ = {
			isa = PBXFrameworksBuildPhase;
			buildActionMask = 2147483647;
			files = (
				7757B0282BCD932F00C6F56A /* NetworkManager.framework in Frameworks */,
			);
			runOnlyForDeploymentPostprocessing = 0;
		};
/* End PBXFrameworksBuildPhase section */

/* Begin PBXGroup section */
		3C1281442BCC2FC000DB8F49 = {
			isa = PBXGroup;
			children = (
				7757B0092BCD849E00C6F56A /* NetworkManager.xcodeproj */,
				3C12814F2BCC2FC000DB8F49 /* DashMart */,
				3C12814E2BCC2FC000DB8F49 /* Products */,
				7757B0182BCD84BE00C6F56A /* Frameworks */,
			);
			sourceTree = "<group>";
		};
		3C12814E2BCC2FC000DB8F49 /* Products */ = {
			isa = PBXGroup;
			children = (
				3C12814D2BCC2FC000DB8F49 /* DashMart.app */,
			);
			name = Products;
			sourceTree = "<group>";
		};
		3C12814F2BCC2FC000DB8F49 /* DashMart */ = {
			isa = PBXGroup;
			children = (
				3C1281502BCC2FC000DB8F49 /* DashMartApp.swift */,
				7757B02D2BCDA07500C6F56A /* Managers */,
				3C1281602BCC32EE00DB8F49 /* Core */,
				3C12815F2BCC318500DB8F49 /* Extensions */,
				3C1281542BCC2FC100DB8F49 /* Assets.xcassets */,
				3C1281562BCC2FC100DB8F49 /* Preview Content */,
			);
			path = DashMart;
			sourceTree = "<group>";
		};
		3C1281562BCC2FC100DB8F49 /* Preview Content */ = {
			isa = PBXGroup;
			children = (
				3C1281572BCC2FC100DB8F49 /* Preview Assets.xcassets */,
			);
			path = "Preview Content";
			sourceTree = "<group>";
		};
		3C12815F2BCC318500DB8F49 /* Extensions */ = {
			isa = PBXGroup;
			children = (
				F945063B2BCE87710017600B /* Color+hex.swift */,
			);
			path = Extensions;
			sourceTree = "<group>";
		};
		3C1281602BCC32EE00DB8F49 /* Core */ = {
			isa = PBXGroup;
			children = (
				3C1281662BCC335800DB8F49 /* OnboardingScreen */,
				3C1281672BCC335F00DB8F49 /* AuthScreen */,
				3C1281622BCC32F600DB8F49 /* HomeScreen */,
				3C1281632BCC332900DB8F49 /* WishlistScreen */,
				3C1281642BCC333700DB8F49 /* ManagerScreen */,
				3C1281652BCC333F00DB8F49 /* AccountScreen */,
			);
			path = Core;
			sourceTree = "<group>";
		};
		3C1281622BCC32F600DB8F49 /* HomeScreen */ = {
			isa = PBXGroup;
			children = (
				3C1281522BCC2FC000DB8F49 /* HomeScreen.swift */,
				F945063F2BCE87A40017600B /* Components */,
			);
			path = HomeScreen;
			sourceTree = "<group>";
		};
		3C1281632BCC332900DB8F49 /* WishlistScreen */ = {
			isa = PBXGroup;
			children = (
			);
			path = WishlistScreen;
			sourceTree = "<group>";
		};
		3C1281642BCC333700DB8F49 /* ManagerScreen */ = {
			isa = PBXGroup;
			children = (
			);
			path = ManagerScreen;
			sourceTree = "<group>";
		};
		3C1281652BCC333F00DB8F49 /* AccountScreen */ = {
			isa = PBXGroup;
			children = (
			);
			path = AccountScreen;
			sourceTree = "<group>";
		};
		3C1281662BCC335800DB8F49 /* OnboardingScreen */ = {
			isa = PBXGroup;
			children = (
			);
			path = OnboardingScreen;
			sourceTree = "<group>";
		};
		3C1281672BCC335F00DB8F49 /* AuthScreen */ = {
			isa = PBXGroup;
			children = (
			);
			path = AuthScreen;
			sourceTree = "<group>";
		};
		7757B00A2BCD849E00C6F56A /* Products */ = {
			isa = PBXGroup;
			children = (
				7757B00F2BCD849E00C6F56A /* NetworkManager.framework */,
				7757B0112BCD849E00C6F56A /* NetworkManagerTests.xctest */,
			);
			name = Products;
			sourceTree = "<group>";
		};
		7757B0182BCD84BE00C6F56A /* Frameworks */ = {
			isa = PBXGroup;
			children = (
			);
			name = Frameworks;
			sourceTree = "<group>";
		};
		7757B0232BCD88FA00C6F56A /* Network */ = {
			isa = PBXGroup;
			children = (
				7757B0212BCD888700C6F56A /* Entities.swift */,
				7757B0242BCD891B00C6F56A /* ProductsRequest.swift */,
				7757B02B2BCD9E4F00C6F56A /* CategoriesRequest.swift */,
				7757B0262BCD89B900C6F56A /* NetworkService.swift */,
			);
			path = Network;
			sourceTree = "<group>";
		};
		7757B02D2BCDA07500C6F56A /* Managers */ = {
			isa = PBXGroup;
			children = (
				7757B0232BCD88FA00C6F56A /* Network */,
			);
			path = Managers;
			sourceTree = "<group>";
		};
		F945063F2BCE87A40017600B /* Components */ = {
			isa = PBXGroup;
			children = (
				F94506402BCE87F90017600B /* NavBarMenu.swift */,
				F94506422BCE88300017600B /* SearchBar.swift */,
				F94506442BCE88530017600B /* Categories.swift */,
				F94506462BCE88760017600B /* TitleFilters.swift */,
				F94506482BCE88960017600B /* ProductList.swift */,
				F945064A2BCE88BB0017600B /* ProductCard.swift */,
				F945064C2BCE88DC0017600B /* CustomButton.swift */,
				F945064E2BCE88FE0017600B /* CustomIconButton.swift */,
				F94506502BCE89350017600B /* SearchResultScreen */,
			);
			path = Components;
			sourceTree = "<group>";
		};
		F94506502BCE89350017600B /* SearchResultScreen */ = {
			isa = PBXGroup;
			children = (
				F94506512BCE89430017600B /* SearchResultScreen.swift */,
			);
			path = SearchResultScreen;
			sourceTree = "<group>";
		};
/* End PBXGroup section */

/* Begin PBXNativeTarget section */
		3C12814C2BCC2FC000DB8F49 /* DashMart */ = {
			isa = PBXNativeTarget;
			buildConfigurationList = 3C12815B2BCC2FC100DB8F49 /* Build configuration list for PBXNativeTarget "DashMart" */;
			buildPhases = (
				3C1281492BCC2FC000DB8F49 /* Sources */,
				3C12814A2BCC2FC000DB8F49 /* Frameworks */,
				3C12814B2BCC2FC000DB8F49 /* Resources */,
			);
			buildRules = (
			);
			dependencies = (
			);
			name = DashMart;
			productName = DashMart;
			productReference = 3C12814D2BCC2FC000DB8F49 /* DashMart.app */;
			productType = "com.apple.product-type.application";
		};
/* End PBXNativeTarget section */

/* Begin PBXProject section */
		3C1281452BCC2FC000DB8F49 /* Project object */ = {
			isa = PBXProject;
			attributes = {
				BuildIndependentTargetsInParallel = 1;
				LastSwiftUpdateCheck = 1520;
				LastUpgradeCheck = 1520;
				TargetAttributes = {
					3C12814C2BCC2FC000DB8F49 = {
						CreatedOnToolsVersion = 15.2;
					};
				};
			};
			buildConfigurationList = 3C1281482BCC2FC000DB8F49 /* Build configuration list for PBXProject "DashMart" */;
			compatibilityVersion = "Xcode 14.0";
			developmentRegion = en;
			hasScannedForEncodings = 0;
			knownRegions = (
				en,
				Base,
			);
			mainGroup = 3C1281442BCC2FC000DB8F49;
			productRefGroup = 3C12814E2BCC2FC000DB8F49 /* Products */;
			projectDirPath = "";
			projectReferences = (
				{
					ProductGroup = 7757B00A2BCD849E00C6F56A /* Products */;
					ProjectRef = 7757B0092BCD849E00C6F56A /* NetworkManager.xcodeproj */;
				},
			);
			projectRoot = "";
			targets = (
				3C12814C2BCC2FC000DB8F49 /* DashMart */,
			);
		};
/* End PBXProject section */

/* Begin PBXReferenceProxy section */
		7757B00F2BCD849E00C6F56A /* NetworkManager.framework */ = {
			isa = PBXReferenceProxy;
			fileType = wrapper.framework;
			path = NetworkManager.framework;
			remoteRef = 7757B00E2BCD849E00C6F56A /* PBXContainerItemProxy */;
			sourceTree = BUILT_PRODUCTS_DIR;
		};
		7757B0112BCD849E00C6F56A /* NetworkManagerTests.xctest */ = {
			isa = PBXReferenceProxy;
			fileType = wrapper.cfbundle;
			path = NetworkManagerTests.xctest;
			remoteRef = 7757B0102BCD849E00C6F56A /* PBXContainerItemProxy */;
			sourceTree = BUILT_PRODUCTS_DIR;
		};
/* End PBXReferenceProxy section */

/* Begin PBXResourcesBuildPhase section */
		3C12814B2BCC2FC000DB8F49 /* Resources */ = {
			isa = PBXResourcesBuildPhase;
			buildActionMask = 2147483647;
			files = (
				3C1281582BCC2FC100DB8F49 /* Preview Assets.xcassets in Resources */,
				3C1281552BCC2FC100DB8F49 /* Assets.xcassets in Resources */,
			);
			runOnlyForDeploymentPostprocessing = 0;
		};
/* End PBXResourcesBuildPhase section */

/* Begin PBXSourcesBuildPhase section */
		3C1281492BCC2FC000DB8F49 /* Sources */ = {
			isa = PBXSourcesBuildPhase;
			buildActionMask = 2147483647;
			files = (
				7757B0222BCD888700C6F56A /* Entities.swift in Sources */,
				7757B0252BCD891B00C6F56A /* ProductsRequest.swift in Sources */,
				F94506412BCE87F90017600B /* NavBarMenu.swift in Sources */,
				7757B0272BCD89B900C6F56A /* NetworkService.swift in Sources */,
				F945064D2BCE88DD0017600B /* CustomButton.swift in Sources */,
				F945064B2BCE88BB0017600B /* ProductCard.swift in Sources */,
				7757B02C2BCD9E4F00C6F56A /* CategoriesRequest.swift in Sources */,
				F945064F2BCE88FE0017600B /* CustomIconButton.swift in Sources */,
				F94506522BCE89430017600B /* SearchResultScreen.swift in Sources */,
				F94506472BCE88760017600B /* TitleFilters.swift in Sources */,
				F94506432BCE88300017600B /* SearchBar.swift in Sources */,
				3C1281532BCC2FC000DB8F49 /* HomeScreen.swift in Sources */,
				F94506452BCE88530017600B /* Categories.swift in Sources */,
				F94506492BCE88960017600B /* ProductList.swift in Sources */,
				3C1281512BCC2FC000DB8F49 /* DashMartApp.swift in Sources */,
				F945063C2BCE87710017600B /* Color+hex.swift in Sources */,
			);
			runOnlyForDeploymentPostprocessing = 0;
		};
/* End PBXSourcesBuildPhase section */

/* Begin XCBuildConfiguration section */
		3C1281592BCC2FC100DB8F49 /* Debug */ = {
			isa = XCBuildConfiguration;
			buildSettings = {
				ALWAYS_SEARCH_USER_PATHS = NO;
				ASSETCATALOG_COMPILER_GENERATE_SWIFT_ASSET_SYMBOL_EXTENSIONS = YES;
				CLANG_ANALYZER_NONNULL = YES;
				CLANG_ANALYZER_NUMBER_OBJECT_CONVERSION = YES_AGGRESSIVE;
				CLANG_CXX_LANGUAGE_STANDARD = "gnu++20";
				CLANG_ENABLE_MODULES = YES;
				CLANG_ENABLE_OBJC_ARC = YES;
				CLANG_ENABLE_OBJC_WEAK = YES;
				CLANG_WARN_BLOCK_CAPTURE_AUTORELEASING = YES;
				CLANG_WARN_BOOL_CONVERSION = YES;
				CLANG_WARN_COMMA = YES;
				CLANG_WARN_CONSTANT_CONVERSION = YES;
				CLANG_WARN_DEPRECATED_OBJC_IMPLEMENTATIONS = YES;
				CLANG_WARN_DIRECT_OBJC_ISA_USAGE = YES_ERROR;
				CLANG_WARN_DOCUMENTATION_COMMENTS = YES;
				CLANG_WARN_EMPTY_BODY = YES;
				CLANG_WARN_ENUM_CONVERSION = YES;
				CLANG_WARN_INFINITE_RECURSION = YES;
				CLANG_WARN_INT_CONVERSION = YES;
				CLANG_WARN_NON_LITERAL_NULL_CONVERSION = YES;
				CLANG_WARN_OBJC_IMPLICIT_RETAIN_SELF = YES;
				CLANG_WARN_OBJC_LITERAL_CONVERSION = YES;
				CLANG_WARN_OBJC_ROOT_CLASS = YES_ERROR;
				CLANG_WARN_QUOTED_INCLUDE_IN_FRAMEWORK_HEADER = YES;
				CLANG_WARN_RANGE_LOOP_ANALYSIS = YES;
				CLANG_WARN_STRICT_PROTOTYPES = YES;
				CLANG_WARN_SUSPICIOUS_MOVE = YES;
				CLANG_WARN_UNGUARDED_AVAILABILITY = YES_AGGRESSIVE;
				CLANG_WARN_UNREACHABLE_CODE = YES;
				CLANG_WARN__DUPLICATE_METHOD_MATCH = YES;
				COPY_PHASE_STRIP = NO;
				DEBUG_INFORMATION_FORMAT = dwarf;
				ENABLE_STRICT_OBJC_MSGSEND = YES;
				ENABLE_TESTABILITY = YES;
				ENABLE_USER_SCRIPT_SANDBOXING = YES;
				GCC_C_LANGUAGE_STANDARD = gnu17;
				GCC_DYNAMIC_NO_PIC = NO;
				GCC_NO_COMMON_BLOCKS = YES;
				GCC_OPTIMIZATION_LEVEL = 0;
				GCC_PREPROCESSOR_DEFINITIONS = (
					"DEBUG=1",
					"$(inherited)",
				);
				GCC_WARN_64_TO_32_BIT_CONVERSION = YES;
				GCC_WARN_ABOUT_RETURN_TYPE = YES_ERROR;
				GCC_WARN_UNDECLARED_SELECTOR = YES;
				GCC_WARN_UNINITIALIZED_AUTOS = YES_AGGRESSIVE;
				GCC_WARN_UNUSED_FUNCTION = YES;
				GCC_WARN_UNUSED_VARIABLE = YES;
				IPHONEOS_DEPLOYMENT_TARGET = 15.0;
				LOCALIZATION_PREFERS_STRING_CATALOGS = YES;
				MTL_ENABLE_DEBUG_INFO = INCLUDE_SOURCE;
				MTL_FAST_MATH = YES;
				ONLY_ACTIVE_ARCH = YES;
				SDKROOT = iphoneos;
				SWIFT_ACTIVE_COMPILATION_CONDITIONS = "DEBUG $(inherited)";
				SWIFT_OPTIMIZATION_LEVEL = "-Onone";
			};
			name = Debug;
		};
		3C12815A2BCC2FC100DB8F49 /* Release */ = {
			isa = XCBuildConfiguration;
			buildSettings = {
				ALWAYS_SEARCH_USER_PATHS = NO;
				ASSETCATALOG_COMPILER_GENERATE_SWIFT_ASSET_SYMBOL_EXTENSIONS = YES;
				CLANG_ANALYZER_NONNULL = YES;
				CLANG_ANALYZER_NUMBER_OBJECT_CONVERSION = YES_AGGRESSIVE;
				CLANG_CXX_LANGUAGE_STANDARD = "gnu++20";
				CLANG_ENABLE_MODULES = YES;
				CLANG_ENABLE_OBJC_ARC = YES;
				CLANG_ENABLE_OBJC_WEAK = YES;
				CLANG_WARN_BLOCK_CAPTURE_AUTORELEASING = YES;
				CLANG_WARN_BOOL_CONVERSION = YES;
				CLANG_WARN_COMMA = YES;
				CLANG_WARN_CONSTANT_CONVERSION = YES;
				CLANG_WARN_DEPRECATED_OBJC_IMPLEMENTATIONS = YES;
				CLANG_WARN_DIRECT_OBJC_ISA_USAGE = YES_ERROR;
				CLANG_WARN_DOCUMENTATION_COMMENTS = YES;
				CLANG_WARN_EMPTY_BODY = YES;
				CLANG_WARN_ENUM_CONVERSION = YES;
				CLANG_WARN_INFINITE_RECURSION = YES;
				CLANG_WARN_INT_CONVERSION = YES;
				CLANG_WARN_NON_LITERAL_NULL_CONVERSION = YES;
				CLANG_WARN_OBJC_IMPLICIT_RETAIN_SELF = YES;
				CLANG_WARN_OBJC_LITERAL_CONVERSION = YES;
				CLANG_WARN_OBJC_ROOT_CLASS = YES_ERROR;
				CLANG_WARN_QUOTED_INCLUDE_IN_FRAMEWORK_HEADER = YES;
				CLANG_WARN_RANGE_LOOP_ANALYSIS = YES;
				CLANG_WARN_STRICT_PROTOTYPES = YES;
				CLANG_WARN_SUSPICIOUS_MOVE = YES;
				CLANG_WARN_UNGUARDED_AVAILABILITY = YES_AGGRESSIVE;
				CLANG_WARN_UNREACHABLE_CODE = YES;
				CLANG_WARN__DUPLICATE_METHOD_MATCH = YES;
				COPY_PHASE_STRIP = NO;
				DEBUG_INFORMATION_FORMAT = "dwarf-with-dsym";
				ENABLE_NS_ASSERTIONS = NO;
				ENABLE_STRICT_OBJC_MSGSEND = YES;
				ENABLE_USER_SCRIPT_SANDBOXING = YES;
				GCC_C_LANGUAGE_STANDARD = gnu17;
				GCC_NO_COMMON_BLOCKS = YES;
				GCC_WARN_64_TO_32_BIT_CONVERSION = YES;
				GCC_WARN_ABOUT_RETURN_TYPE = YES_ERROR;
				GCC_WARN_UNDECLARED_SELECTOR = YES;
				GCC_WARN_UNINITIALIZED_AUTOS = YES_AGGRESSIVE;
				GCC_WARN_UNUSED_FUNCTION = YES;
				GCC_WARN_UNUSED_VARIABLE = YES;
				IPHONEOS_DEPLOYMENT_TARGET = 15.0;
				LOCALIZATION_PREFERS_STRING_CATALOGS = YES;
				MTL_ENABLE_DEBUG_INFO = NO;
				MTL_FAST_MATH = YES;
				SDKROOT = iphoneos;
				SWIFT_COMPILATION_MODE = wholemodule;
				VALIDATE_PRODUCT = YES;
			};
			name = Release;
		};
		3C12815C2BCC2FC100DB8F49 /* Debug */ = {
			isa = XCBuildConfiguration;
			buildSettings = {
				ASSETCATALOG_COMPILER_APPICON_NAME = AppIcon;
				ASSETCATALOG_COMPILER_GLOBAL_ACCENT_COLOR_NAME = AccentColor;
				CODE_SIGN_STYLE = Automatic;
				CURRENT_PROJECT_VERSION = 1;
				DEVELOPMENT_ASSET_PATHS = "\"DashMart/Preview Content\"";
				DEVELOPMENT_TEAM = "";
				ENABLE_PREVIEWS = YES;
				GENERATE_INFOPLIST_FILE = YES;
				INFOPLIST_KEY_UIApplicationSceneManifest_Generation = YES;
				INFOPLIST_KEY_UIApplicationSupportsIndirectInputEvents = YES;
				INFOPLIST_KEY_UILaunchScreen_Generation = YES;
				INFOPLIST_KEY_UISupportedInterfaceOrientations = UIInterfaceOrientationPortrait;
				IPHONEOS_DEPLOYMENT_TARGET = 15.0;
				LD_RUNPATH_SEARCH_PATHS = (
					"$(inherited)",
					"@executable_path/Frameworks",
				);
				MARKETING_VERSION = 1.0;
				PRODUCT_BUNDLE_IDENTIFIER = dsm5e.DashMart;
				PRODUCT_NAME = "$(TARGET_NAME)";
				SUPPORTED_PLATFORMS = "iphoneos iphonesimulator";
				SUPPORTS_MACCATALYST = NO;
				SUPPORTS_MAC_DESIGNED_FOR_IPHONE_IPAD = NO;
				SWIFT_EMIT_LOC_STRINGS = YES;
				SWIFT_VERSION = 5.0;
				TARGETED_DEVICE_FAMILY = 1;
			};
			name = Debug;
		};
		3C12815D2BCC2FC100DB8F49 /* Release */ = {
			isa = XCBuildConfiguration;
			buildSettings = {
				ASSETCATALOG_COMPILER_APPICON_NAME = AppIcon;
				ASSETCATALOG_COMPILER_GLOBAL_ACCENT_COLOR_NAME = AccentColor;
				CODE_SIGN_STYLE = Automatic;
				CURRENT_PROJECT_VERSION = 1;
				DEVELOPMENT_ASSET_PATHS = "\"DashMart/Preview Content\"";
				DEVELOPMENT_TEAM = "";
				ENABLE_PREVIEWS = YES;
				GENERATE_INFOPLIST_FILE = YES;
				INFOPLIST_KEY_UIApplicationSceneManifest_Generation = YES;
				INFOPLIST_KEY_UIApplicationSupportsIndirectInputEvents = YES;
				INFOPLIST_KEY_UILaunchScreen_Generation = YES;
				INFOPLIST_KEY_UISupportedInterfaceOrientations = UIInterfaceOrientationPortrait;
				IPHONEOS_DEPLOYMENT_TARGET = 15.0;
				LD_RUNPATH_SEARCH_PATHS = (
					"$(inherited)",
					"@executable_path/Frameworks",
				);
				MARKETING_VERSION = 1.0;
				PRODUCT_BUNDLE_IDENTIFIER = dsm5e.DashMart;
				PRODUCT_NAME = "$(TARGET_NAME)";
				SUPPORTED_PLATFORMS = "iphoneos iphonesimulator";
				SUPPORTS_MACCATALYST = NO;
				SUPPORTS_MAC_DESIGNED_FOR_IPHONE_IPAD = NO;
				SWIFT_EMIT_LOC_STRINGS = YES;
				SWIFT_VERSION = 5.0;
				TARGETED_DEVICE_FAMILY = 1;
			};
			name = Release;
		};
/* End XCBuildConfiguration section */

/* Begin XCConfigurationList section */
		3C1281482BCC2FC000DB8F49 /* Build configuration list for PBXProject "DashMart" */ = {
			isa = XCConfigurationList;
			buildConfigurations = (
				3C1281592BCC2FC100DB8F49 /* Debug */,
				3C12815A2BCC2FC100DB8F49 /* Release */,
			);
			defaultConfigurationIsVisible = 0;
			defaultConfigurationName = Release;
		};
		3C12815B2BCC2FC100DB8F49 /* Build configuration list for PBXNativeTarget "DashMart" */ = {
			isa = XCConfigurationList;
			buildConfigurations = (
				3C12815C2BCC2FC100DB8F49 /* Debug */,
				3C12815D2BCC2FC100DB8F49 /* Release */,
			);
			defaultConfigurationIsVisible = 0;
			defaultConfigurationName = Release;
		};
/* End XCConfigurationList section */
	};
	rootObject = 3C1281452BCC2FC000DB8F49 /* Project object */;
}
